
Microsoft Visual Studio Solution File, Format Version 12.00
# Visual Studio Version 17
VisualStudioVersion = 17.2.32602.215
MinimumVisualStudioVersion = 10.0.40219.1
Project("{9A19103F-16F7-4668-BE54-9A1E7A4F7556}") = "IO.Swagger", "src\IO.Swagger\IO.Swagger.csproj", "{91F1E95A-5E94-4CD1-9F55-9358963EF12A}"
EndProject
Global
	GlobalSection(SolutionConfigurationPlatforms) = preSolution
		Debug|Any CPU = Debug|Any CPU
		Release|Any CPU = Release|Any CPU
	EndGlobalSection
	GlobalSection(ProjectConfigurationPlatforms) = postSolution
		{91F1E95A-5E94-4CD1-9F55-9358963EF12A}.Debug|Any CPU.ActiveCfg = Debug|Any CPU
		{91F1E95A-5E94-4CD1-9F55-9358963EF12A}.Debug|Any CPU.Build.0 = Debug|Any CPU
		{91F1E95A-5E94-4CD1-9F55-9358963EF12A}.Release|Any CPU.ActiveCfg = Release|Any CPU
		{91F1E95A-5E94-4CD1-9F55-9358963EF12A}.Release|Any CPU.Build.0 = Release|Any CPU
	EndGlobalSection
	GlobalSection(SolutionProperties) = preSolution
		HideSolutionNode = FALSE
	EndGlobalSection
	GlobalSection(ExtensibilityGlobals) = postSolution
		SolutionGuid = {73AF3317-3EA4-4494-B63E-FB2AFE642DE4}
	EndGlobalSection
EndGlobal
